
Microsoft Visual Studio Solution File, Format Version 12.00
# Visual Studio 2013
Project("{FAE04EC0-301F-11D3-BF4B-00C04F79EFBC}") = "UnityVS.SevenZipDemo.CSharp.Plugins", "UnityVS.SevenZipDemo.CSharp.Plugins.csproj", "{28D173C6-141A-A3B7-B70F-DA1089201099}"
EndProject
Project("{FAE04EC0-301F-11D3-BF4B-00C04F79EFBC}") = "UnityVS.SevenZipDemo.CSharp", "UnityVS.SevenZipDemo.CSharp.csproj", "{C431F3E8-D989-1972-4588-102ACFC12F55}"
EndProject
Global
	GlobalSection(SolutionConfigurationPlatforms) = preSolution
		Debug|Any CPU = Debug|Any CPU
		Release|Any CPU = Release|Any CPU
	EndGlobalSection
	GlobalSection(ProjectConfigurationPlatforms) = postSolution
		{28D173C6-141A-A3B7-B70F-DA1089201099}.Debug|Any CPU.ActiveCfg = Debug|Any CPU
		{28D173C6-141A-A3B7-B70F-DA1089201099}.Debug|Any CPU.Build.0 = Debug|Any CPU
		{28D173C6-141A-A3B7-B70F-DA1089201099}.Release|Any CPU.ActiveCfg = Release|Any CPU
		{28D173C6-141A-A3B7-B70F-DA1089201099}.Release|Any CPU.Build.0 = Release|Any CPU
		{C431F3E8-D989-1972-4588-102ACFC12F55}.Debug|Any CPU.ActiveCfg = Debug|Any CPU
		{C431F3E8-D989-1972-4588-102ACFC12F55}.Debug|Any CPU.Build.0 = Debug|Any CPU
		{C431F3E8-D989-1972-4588-102ACFC12F55}.Release|Any CPU.ActiveCfg = Release|Any CPU
		{C431F3E8-D989-1972-4588-102ACFC12F55}.Release|Any CPU.Build.0 = Release|Any CPU
	EndGlobalSection
	GlobalSection(SolutionProperties) = preSolution
		HideSolutionNode = FALSE
	EndGlobalSection
EndGlobal
