
Microsoft Visual Studio Solution File, Format Version 12.00
# Visual Studio 2013
Project("{FAE04EC0-301F-11D3-BF4B-00C04F79EFBC}") = "UnityVS.LoadABDemo.CSharp", "UnityVS.LoadABDemo.CSharp.csproj", "{690B49EC-BD7D-8470-5E1E-675005C29364}"
EndProject
Project("{FAE04EC0-301F-11D3-BF4B-00C04F79EFBC}") = "UnityVS.LoadABDemo.CSharp.Editor", "UnityVS.LoadABDemo.CSharp.Editor.csproj", "{614E52D0-424D-61D5-1FBF-F09C27C7CF66}"
EndProject
Global
	GlobalSection(SolutionConfigurationPlatforms) = preSolution
		Debug|Any CPU = Debug|Any CPU
		Release|Any CPU = Release|Any CPU
	EndGlobalSection
	GlobalSection(ProjectConfigurationPlatforms) = postSolution
		{690B49EC-BD7D-8470-5E1E-675005C29364}.Debug|Any CPU.ActiveCfg = Debug|Any CPU
		{690B49EC-BD7D-8470-5E1E-675005C29364}.Debug|Any CPU.Build.0 = Debug|Any CPU
		{690B49EC-BD7D-8470-5E1E-675005C29364}.Release|Any CPU.ActiveCfg = Release|Any CPU
		{690B49EC-BD7D-8470-5E1E-675005C29364}.Release|Any CPU.Build.0 = Release|Any CPU
		{614E52D0-424D-61D5-1FBF-F09C27C7CF66}.Debug|Any CPU.ActiveCfg = Debug|Any CPU
		{614E52D0-424D-61D5-1FBF-F09C27C7CF66}.Debug|Any CPU.Build.0 = Debug|Any CPU
		{614E52D0-424D-61D5-1FBF-F09C27C7CF66}.Release|Any CPU.ActiveCfg = Release|Any CPU
		{614E52D0-424D-61D5-1FBF-F09C27C7CF66}.Release|Any CPU.Build.0 = Release|Any CPU
	EndGlobalSection
	GlobalSection(SolutionProperties) = preSolution
		HideSolutionNode = FALSE
	EndGlobalSection
EndGlobal
