
Microsoft Visual Studio Solution File, Format Version 12.00
# Visual Studio 2013
Project("{FAE04EC0-301F-11D3-BF4B-00C04F79EFBC}") = "UnityVS.LoadABDemo.CSharp.Plugins", "UnityVS.LoadABDemo.CSharp.Plugins.csproj", "{7AACCACE-7648-FE21-6E64-3E9694808B6B}"
EndProject
Project("{FAE04EC0-301F-11D3-BF4B-00C04F79EFBC}") = "UnityVS.LoadABDemo.CSharp.Editor", "UnityVS.LoadABDemo.CSharp.Editor.csproj", "{614E52D0-424D-61D5-1FBF-F09C27C7CF66}"
EndProject
Global
	GlobalSection(SolutionConfigurationPlatforms) = preSolution
		Debug|Any CPU = Debug|Any CPU
		Release|Any CPU = Release|Any CPU
	EndGlobalSection
	GlobalSection(ProjectConfigurationPlatforms) = postSolution
		{7AACCACE-7648-FE21-6E64-3E9694808B6B}.Debug|Any CPU.ActiveCfg = Debug|Any CPU
		{7AACCACE-7648-FE21-6E64-3E9694808B6B}.Debug|Any CPU.Build.0 = Debug|Any CPU
		{7AACCACE-7648-FE21-6E64-3E9694808B6B}.Release|Any CPU.ActiveCfg = Release|Any CPU
		{7AACCACE-7648-FE21-6E64-3E9694808B6B}.Release|Any CPU.Build.0 = Release|Any CPU
		{614E52D0-424D-61D5-1FBF-F09C27C7CF66}.Debug|Any CPU.ActiveCfg = Debug|Any CPU
		{614E52D0-424D-61D5-1FBF-F09C27C7CF66}.Debug|Any CPU.Build.0 = Debug|Any CPU
		{614E52D0-424D-61D5-1FBF-F09C27C7CF66}.Release|Any CPU.ActiveCfg = Release|Any CPU
		{614E52D0-424D-61D5-1FBF-F09C27C7CF66}.Release|Any CPU.Build.0 = Release|Any CPU
	EndGlobalSection
	GlobalSection(SolutionProperties) = preSolution
		HideSolutionNode = FALSE
	EndGlobalSection
EndGlobal
